
Microsoft Visual Studio Solution File, Format Version 12.00
# Visual Studio Version 17
VisualStudioVersion = 17.0.31903.59
MinimumVisualStudioVersion = 10.0.40219.1
Project("{2150E333-8FDC-42A3-9474-1A3956D46DE8}") = "src", "src", "{D8471CC2-F872-4E96-BF79-ED9BAB1E7C0D}"
EndProject
Project("{FAE04EC0-301F-11D3-BF4B-00C04F79EFBC}") = "AdventOfCode", "src\AdventOfCode\AdventOfCode.csproj", "{8156BF03-3ADD-48B1-9117-38FA7E59CCBD}"
EndProject
Project("{2150E333-8FDC-42A3-9474-1A3956D46DE8}") = "tests", "tests", "{C003CC92-F5DC-4FC6-8775-6F811D736CB9}"
EndProject
Project("{FAE04EC0-301F-11D3-BF4B-00C04F79EFBC}") = "AdventOfCode.Test", "tests\AdventOfCode.Test\AdventOfCode.Test.csproj", "{DA3FAEEF-1189-4B38-A737-2C927323BC73}"
EndProject
Global
	GlobalSection(SolutionConfigurationPlatforms) = preSolution
		Debug|Any CPU = Debug|Any CPU
		Release|Any CPU = Release|Any CPU
	EndGlobalSection
	GlobalSection(SolutionProperties) = preSolution
		HideSolutionNode = FALSE
	EndGlobalSection
	GlobalSection(ProjectConfigurationPlatforms) = postSolution
		{8156BF03-3ADD-48B1-9117-38FA7E59CCBD}.Debug|Any CPU.ActiveCfg = Debug|Any CPU
		{8156BF03-3ADD-48B1-9117-38FA7E59CCBD}.Debug|Any CPU.Build.0 = Debug|Any CPU
		{8156BF03-3ADD-48B1-9117-38FA7E59CCBD}.Release|Any CPU.ActiveCfg = Release|Any CPU
		{8156BF03-3ADD-48B1-9117-38FA7E59CCBD}.Release|Any CPU.Build.0 = Release|Any CPU
		{DA3FAEEF-1189-4B38-A737-2C927323BC73}.Debug|Any CPU.ActiveCfg = Debug|Any CPU
		{DA3FAEEF-1189-4B38-A737-2C927323BC73}.Debug|Any CPU.Build.0 = Debug|Any CPU
		{DA3FAEEF-1189-4B38-A737-2C927323BC73}.Release|Any CPU.ActiveCfg = Release|Any CPU
		{DA3FAEEF-1189-4B38-A737-2C927323BC73}.Release|Any CPU.Build.0 = Release|Any CPU
	EndGlobalSection
	GlobalSection(NestedProjects) = preSolution
		{8156BF03-3ADD-48B1-9117-38FA7E59CCBD} = {D8471CC2-F872-4E96-BF79-ED9BAB1E7C0D}
		{DA3FAEEF-1189-4B38-A737-2C927323BC73} = {C003CC92-F5DC-4FC6-8775-6F811D736CB9}
	EndGlobalSection
EndGlobal
